
Microsoft Visual Studio Solution File, Format Version 12.00
# Visual Studio 2013
VisualStudioVersion = 12.0.21005.1
MinimumVisualStudioVersion = 10.0.40219.1
Project("{FAE04EC0-301F-11D3-BF4B-00C04F79EFBC}") = "ERP-SKLAD", "ERP-SKLAD\ERP-SKLAD.csproj", "{8C5F10F1-67AB-4709-BA01-2408E6FD8E1F}"
EndProject
Global
	GlobalSection(SolutionConfigurationPlatforms) = preSolution
		Debug|Any CPU = Debug|Any CPU
		Release|Any CPU = Release|Any CPU
	EndGlobalSection
	GlobalSection(ProjectConfigurationPlatforms) = postSolution
		{8C5F10F1-67AB-4709-BA01-2408E6FD8E1F}.Debug|Any CPU.ActiveCfg = Debug|Any CPU
		{8C5F10F1-67AB-4709-BA01-2408E6FD8E1F}.Debug|Any CPU.Build.0 = Debug|Any CPU
		{8C5F10F1-67AB-4709-BA01-2408E6FD8E1F}.Release|Any CPU.ActiveCfg = Release|Any CPU
		{8C5F10F1-67AB-4709-BA01-2408E6FD8E1F}.Release|Any CPU.Build.0 = Release|Any CPU
	EndGlobalSection
	GlobalSection(SolutionProperties) = preSolution
		HideSolutionNode = FALSE
	EndGlobalSection
EndGlobal
